
Microsoft Visual Studio Solution File, Format Version 12.00
# Visual Studio 15
VisualStudioVersion = 15.0.27130.2027
MinimumVisualStudioVersion = 10.0.40219.1
Project("{8BC9CEB8-8B4A-11D0-8D11-00A0C91BC942}") = "IntroductionCpp", "IntroductionCpp\IntroductionCpp.vcxproj", "{46B0E8D5-DAC9-4B92-AD4E-16C4FBC5C775}"
EndProject
Global
	GlobalSection(SolutionConfigurationPlatforms) = preSolution
		Debug|x64 = Debug|x64
		Debug|x86 = Debug|x86
		Release|x64 = Release|x64
		Release|x86 = Release|x86
	EndGlobalSection
	GlobalSection(ProjectConfigurationPlatforms) = postSolution
		{46B0E8D5-DAC9-4B92-AD4E-16C4FBC5C775}.Debug|x64.ActiveCfg = Debug|x64
		{46B0E8D5-DAC9-4B92-AD4E-16C4FBC5C775}.Debug|x64.Build.0 = Debug|x64
		{46B0E8D5-DAC9-4B92-AD4E-16C4FBC5C775}.Debug|x86.ActiveCfg = Debug|Win32
		{46B0E8D5-DAC9-4B92-AD4E-16C4FBC5C775}.Debug|x86.Build.0 = Debug|Win32
		{46B0E8D5-DAC9-4B92-AD4E-16C4FBC5C775}.Release|x64.ActiveCfg = Release|x64
		{46B0E8D5-DAC9-4B92-AD4E-16C4FBC5C775}.Release|x64.Build.0 = Release|x64
		{46B0E8D5-DAC9-4B92-AD4E-16C4FBC5C775}.Release|x86.ActiveCfg = Release|Win32
		{46B0E8D5-DAC9-4B92-AD4E-16C4FBC5C775}.Release|x86.Build.0 = Release|Win32
	EndGlobalSection
	GlobalSection(SolutionProperties) = preSolution
		HideSolutionNode = FALSE
	EndGlobalSection
	GlobalSection(ExtensibilityGlobals) = postSolution
		SolutionGuid = {7CF17957-82DE-4485-9CEA-3F2738652786}
	EndGlobalSection
EndGlobal
